// !$*UTF8*$!
{
	archiveVersion = 1;
	classes = {
	};
	objectVersion = 56;
	objects = {

/* Begin PBXBuildFile section */
		ABD0F93F28FEEB0D0045D52B /* AppDelegate.swift in Sources */ = {isa = PBXBuildFile; fileRef = ABD0F93E28FEEB0D0045D52B /* AppDelegate.swift */; };
		ABD0F94128FEEB0D0045D52B /* SceneDelegate.swift in Sources */ = {isa = PBXBuildFile; fileRef = ABD0F94028FEEB0D0045D52B /* SceneDelegate.swift */; };
		ABD0F94328FEEB0D0045D52B /* MusicListViewController.swift in Sources */ = {isa = PBXBuildFile; fileRef = ABD0F94228FEEB0D0045D52B /* MusicListViewController.swift */; };
		ABD0F94628FEEB0D0045D52B /* Main.storyboard in Resources */ = {isa = PBXBuildFile; fileRef = ABD0F94428FEEB0D0045D52B /* Main.storyboard */; };
		ABD0F94828FEEB0F0045D52B /* Assets.xcassets in Resources */ = {isa = PBXBuildFile; fileRef = ABD0F94728FEEB0F0045D52B /* Assets.xcassets */; };
		ABD0F94B28FEEB0F0045D52B /* LaunchScreen.storyboard in Resources */ = {isa = PBXBuildFile; fileRef = ABD0F94928FEEB0F0045D52B /* LaunchScreen.storyboard */; };
		ABD0F95728FEEC690045D52B /* SnapKit in Frameworks */ = {isa = PBXBuildFile; productRef = ABD0F95628FEEC690045D52B /* SnapKit */; };
		ABD0F95A28FEEC730045D52B /* Then in Frameworks */ = {isa = PBXBuildFile; productRef = ABD0F95928FEEC730045D52B /* Then */; };
		ABD0F95D28FEEC7C0045D52B /* SwiftyColor in Frameworks */ = {isa = PBXBuildFile; productRef = ABD0F95C28FEEC7C0045D52B /* SwiftyColor */; };
		ABD0F95F28FEED220045D52B /* MusicModel.swift in Sources */ = {isa = PBXBuildFile; fileRef = ABD0F95E28FEED220045D52B /* MusicModel.swift */; };
/* End PBXBuildFile section */

/* Begin PBXFileReference section */
		ABD0F93B28FEEB0D0045D52B /* Week3_Seminar.app */ = {isa = PBXFileReference; explicitFileType = wrapper.application; includeInIndex = 0; path = Week3_Seminar.app; sourceTree = BUILT_PRODUCTS_DIR; };
		ABD0F93E28FEEB0D0045D52B /* AppDelegate.swift */ = {isa = PBXFileReference; lastKnownFileType = sourcecode.swift; path = AppDelegate.swift; sourceTree = "<group>"; };
		ABD0F94028FEEB0D0045D52B /* SceneDelegate.swift */ = {isa = PBXFileReference; lastKnownFileType = sourcecode.swift; path = SceneDelegate.swift; sourceTree = "<group>"; };
		ABD0F94228FEEB0D0045D52B /* MusicListViewController.swift */ = {isa = PBXFileReference; lastKnownFileType = sourcecode.swift; path = MusicListViewController.swift; sourceTree = "<group>"; };
		ABD0F94528FEEB0D0045D52B /* Base */ = {isa = PBXFileReference; lastKnownFileType = file.storyboard; name = Base; path = Base.lproj/Main.storyboard; sourceTree = "<group>"; };
		ABD0F94728FEEB0F0045D52B /* Assets.xcassets */ = {isa = PBXFileReference; lastKnownFileType = folder.assetcatalog; path = Assets.xcassets; sourceTree = "<group>"; };
		ABD0F94A28FEEB0F0045D52B /* Base */ = {isa = PBXFileReference; lastKnownFileType = file.storyboard; name = Base; path = Base.lproj/LaunchScreen.storyboard; sourceTree = "<group>"; };
		ABD0F94C28FEEB0F0045D52B /* Info.plist */ = {isa = PBXFileReference; lastKnownFileType = text.plist.xml; path = Info.plist; sourceTree = "<group>"; };
		ABD0F95E28FEED220045D52B /* MusicModel.swift */ = {isa = PBXFileReference; lastKnownFileType = sourcecode.swift; path = MusicModel.swift; sourceTree = "<group>"; };
/* End PBXFileReference section */

/* Begin PBXFrameworksBuildPhase section */
		ABD0F93828FEEB0D0045D52B /* Frameworks */ = {
			isa = PBXFrameworksBuildPhase;
			buildActionMask = 2147483647;
			files = (
				ABD0F95728FEEC690045D52B /* SnapKit in Frameworks */,
				ABD0F95D28FEEC7C0045D52B /* SwiftyColor in Frameworks */,
				ABD0F95A28FEEC730045D52B /* Then in Frameworks */,
			);
			runOnlyForDeploymentPostprocessing = 0;
		};
/* End PBXFrameworksBuildPhase section */

/* Begin PBXGroup section */
		ABD0F93228FEEB0D0045D52B = {
			isa = PBXGroup;
			children = (
				ABD0F93D28FEEB0D0045D52B /* Week3_Seminar */,
				ABD0F93C28FEEB0D0045D52B /* Products */,
			);
			sourceTree = "<group>";
		};
		ABD0F93C28FEEB0D0045D52B /* Products */ = {
			isa = PBXGroup;
			children = (
				ABD0F93B28FEEB0D0045D52B /* Week3_Seminar.app */,
			);
			name = Products;
			sourceTree = "<group>";
		};
		ABD0F93D28FEEB0D0045D52B /* Week3_Seminar */ = {
			isa = PBXGroup;
			children = (
				ABD0F95228FEEB9C0045D52B /* Models */,
				ABD0F95328FEEBA20045D52B /* ViewControllers */,
				ABD0F95428FEEBAD0045D52B /* Reusable */,
				ABD0F93E28FEEB0D0045D52B /* AppDelegate.swift */,
				ABD0F94028FEEB0D0045D52B /* SceneDelegate.swift */,
				ABD0F94428FEEB0D0045D52B /* Main.storyboard */,
				ABD0F94728FEEB0F0045D52B /* Assets.xcassets */,
				ABD0F94928FEEB0F0045D52B /* LaunchScreen.storyboard */,
				ABD0F94C28FEEB0F0045D52B /* Info.plist */,
			);
			path = Week3_Seminar;
			sourceTree = "<group>";
		};
		ABD0F95228FEEB9C0045D52B /* Models */ = {
			isa = PBXGroup;
			children = (
				ABD0F95E28FEED220045D52B /* MusicModel.swift */,
			);
			path = Models;
			sourceTree = "<group>";
		};
		ABD0F95328FEEBA20045D52B /* ViewControllers */ = {
			isa = PBXGroup;
			children = (
				ABD0F94228FEEB0D0045D52B /* MusicListViewController.swift */,
			);
			path = ViewControllers;
			sourceTree = "<group>";
		};
		ABD0F95428FEEBAD0045D52B /* Reusable */ = {
			isa = PBXGroup;
			children = (
			);
			path = Reusable;
			sourceTree = "<group>";
		};
/* End PBXGroup section */

/* Begin PBXNativeTarget section */
		ABD0F93A28FEEB0D0045D52B /* Week3_Seminar */ = {
			isa = PBXNativeTarget;
			buildConfigurationList = ABD0F94F28FEEB0F0045D52B /* Build configuration list for PBXNativeTarget "Week3_Seminar" */;
			buildPhases = (
				ABD0F93728FEEB0D0045D52B /* Sources */,
				ABD0F93828FEEB0D0045D52B /* Frameworks */,
				ABD0F93928FEEB0D0045D52B /* Resources */,
			);
			buildRules = (
			);
			dependencies = (
			);
			name = Week3_Seminar;
			packageProductDependencies = (
				ABD0F95628FEEC690045D52B /* SnapKit */,
				ABD0F95928FEEC730045D52B /* Then */,
				ABD0F95C28FEEC7C0045D52B /* SwiftyColor */,
			);
			productName = Week3_Seminar;
			productReference = ABD0F93B28FEEB0D0045D52B /* Week3_Seminar.app */;
			productType = "com.apple.product-type.application";
		};
/* End PBXNativeTarget section */

/* Begin PBXProject section */
		ABD0F93328FEEB0D0045D52B /* Project object */ = {
			isa = PBXProject;
			attributes = {
				BuildIndependentTargetsInParallel = 1;
				LastSwiftUpdateCheck = 1400;
				LastUpgradeCheck = 1400;
				TargetAttributes = {
					ABD0F93A28FEEB0D0045D52B = {
						CreatedOnToolsVersion = 14.0.1;
					};
				};
			};
			buildConfigurationList = ABD0F93628FEEB0D0045D52B /* Build configuration list for PBXProject "Week3_Seminar" */;
			compatibilityVersion = "Xcode 14.0";
			developmentRegion = en;
			hasScannedForEncodings = 0;
			knownRegions = (
				en,
				Base,
			);
			mainGroup = ABD0F93228FEEB0D0045D52B;
			packageReferences = (
				ABD0F95528FEEC690045D52B /* XCRemoteSwiftPackageReference "SnapKit" */,
				ABD0F95828FEEC730045D52B /* XCRemoteSwiftPackageReference "Then" */,
				ABD0F95B28FEEC7C0045D52B /* XCRemoteSwiftPackageReference "SwiftyColor" */,
			);
			productRefGroup = ABD0F93C28FEEB0D0045D52B /* Products */;
			projectDirPath = "";
			projectRoot = "";
			targets = (
				ABD0F93A28FEEB0D0045D52B /* Week3_Seminar */,
			);
		};
/* End PBXProject section */

/* Begin PBXResourcesBuildPhase section */
		ABD0F93928FEEB0D0045D52B /* Resources */ = {
			isa = PBXResourcesBuildPhase;
			buildActionMask = 2147483647;
			files = (
				ABD0F94B28FEEB0F0045D52B /* LaunchScreen.storyboard in Resources */,
				ABD0F94828FEEB0F0045D52B /* Assets.xcassets in Resources */,
				ABD0F94628FEEB0D0045D52B /* Main.storyboard in Resources */,
			);
			runOnlyForDeploymentPostprocessing = 0;
		};
/* End PBXResourcesBuildPhase section */

/* Begin PBXSourcesBuildPhase section */
		ABD0F93728FEEB0D0045D52B /* Sources */ = {
			isa = PBXSourcesBuildPhase;
			buildActionMask = 2147483647;
			files = (
				ABD0F94328FEEB0D0045D52B /* MusicListViewController.swift in Sources */,
				ABD0F95F28FEED220045D52B /* MusicModel.swift in Sources */,
				ABD0F93F28FEEB0D0045D52B /* AppDelegate.swift in Sources */,
				ABD0F94128FEEB0D0045D52B /* SceneDelegate.swift in Sources */,
			);
			runOnlyForDeploymentPostprocessing = 0;
		};
/* End PBXSourcesBuildPhase section */

/* Begin PBXVariantGroup section */
		ABD0F94428FEEB0D0045D52B /* Main.storyboard */ = {
			isa = PBXVariantGroup;
			children = (
				ABD0F94528FEEB0D0045D52B /* Base */,
			);
			name = Main.storyboard;
			sourceTree = "<group>";
		};
		ABD0F94928FEEB0F0045D52B /* LaunchScreen.storyboard */ = {
			isa = PBXVariantGroup;
			children = (
				ABD0F94A28FEEB0F0045D52B /* Base */,
			);
			name = LaunchScreen.storyboard;
			sourceTree = "<group>";
		};
/* End PBXVariantGroup section */

/* Begin XCBuildConfiguration section */
		ABD0F94D28FEEB0F0045D52B /* Debug */ = {
			isa = XCBuildConfiguration;
			buildSettings = {
				ALWAYS_SEARCH_USER_PATHS = NO;
				CLANG_ANALYZER_NONNULL = YES;
				CLANG_ANALYZER_NUMBER_OBJECT_CONVERSION = YES_AGGRESSIVE;
				CLANG_CXX_LANGUAGE_STANDARD = "gnu++20";
				CLANG_ENABLE_MODULES = YES;
				CLANG_ENABLE_OBJC_ARC = YES;
				CLANG_ENABLE_OBJC_WEAK = YES;
				CLANG_WARN_BLOCK_CAPTURE_AUTORELEASING = YES;
				CLANG_WARN_BOOL_CONVERSION = YES;
				CLANG_WARN_COMMA = YES;
				CLANG_WARN_CONSTANT_CONVERSION = YES;
				CLANG_WARN_DEPRECATED_OBJC_IMPLEMENTATIONS = YES;
				CLANG_WARN_DIRECT_OBJC_ISA_USAGE = YES_ERROR;
				CLANG_WARN_DOCUMENTATION_COMMENTS = YES;
				CLANG_WARN_EMPTY_BODY = YES;
				CLANG_WARN_ENUM_CONVERSION = YES;
				CLANG_WARN_INFINITE_RECURSION = YES;
				CLANG_WARN_INT_CONVERSION = YES;
				CLANG_WARN_NON_LITERAL_NULL_CONVERSION = YES;
				CLANG_WARN_OBJC_IMPLICIT_RETAIN_SELF = YES;
				CLANG_WARN_OBJC_LITERAL_CONVERSION = YES;
				CLANG_WARN_OBJC_ROOT_CLASS = YES_ERROR;
				CLANG_WARN_QUOTED_INCLUDE_IN_FRAMEWORK_HEADER = YES;
				CLANG_WARN_RANGE_LOOP_ANALYSIS = YES;
				CLANG_WARN_STRICT_PROTOTYPES = YES;
				CLANG_WARN_SUSPICIOUS_MOVE = YES;
				CLANG_WARN_UNGUARDED_AVAILABILITY = YES_AGGRESSIVE;
				CLANG_WARN_UNREACHABLE_CODE = YES;
				CLANG_WARN__DUPLICATE_METHOD_MATCH = YES;
				COPY_PHASE_STRIP = NO;
				DEBUG_INFORMATION_FORMAT = dwarf;
				ENABLE_STRICT_OBJC_MSGSEND = YES;
				ENABLE_TESTABILITY = YES;
				GCC_C_LANGUAGE_STANDARD = gnu11;
				GCC_DYNAMIC_NO_PIC = NO;
				GCC_NO_COMMON_BLOCKS = YES;
				GCC_OPTIMIZATION_LEVEL = 0;
				GCC_PREPROCESSOR_DEFINITIONS = (
					"DEBUG=1",
					"$(inherited)",
				);
				GCC_WARN_64_TO_32_BIT_CONVERSION = YES;
				GCC_WARN_ABOUT_RETURN_TYPE = YES_ERROR;
				GCC_WARN_UNDECLARED_SELECTOR = YES;
				GCC_WARN_UNINITIALIZED_AUTOS = YES_AGGRESSIVE;
				GCC_WARN_UNUSED_FUNCTION = YES;
				GCC_WARN_UNUSED_VARIABLE = YES;
				IPHONEOS_DEPLOYMENT_TARGET = 16.0;
				MTL_ENABLE_DEBUG_INFO = INCLUDE_SOURCE;
				MTL_FAST_MATH = YES;
				ONLY_ACTIVE_ARCH = YES;
				SDKROOT = iphoneos;
				SWIFT_ACTIVE_COMPILATION_CONDITIONS = DEBUG;
				SWIFT_OPTIMIZATION_LEVEL = "-Onone";
			};
			name = Debug;
		};
		ABD0F94E28FEEB0F0045D52B /* Release */ = {
			isa = XCBuildConfiguration;
			buildSettings = {
				ALWAYS_SEARCH_USER_PATHS = NO;
				CLANG_ANALYZER_NONNULL = YES;
				CLANG_ANALYZER_NUMBER_OBJECT_CONVERSION = YES_AGGRESSIVE;
				CLANG_CXX_LANGUAGE_STANDARD = "gnu++20";
				CLANG_ENABLE_MODULES = YES;
				CLANG_ENABLE_OBJC_ARC = YES;
				CLANG_ENABLE_OBJC_WEAK = YES;
				CLANG_WARN_BLOCK_CAPTURE_AUTORELEASING = YES;
				CLANG_WARN_BOOL_CONVERSION = YES;
				CLANG_WARN_COMMA = YES;
				CLANG_WARN_CONSTANT_CONVERSION = YES;
				CLANG_WARN_DEPRECATED_OBJC_IMPLEMENTATIONS = YES;
				CLANG_WARN_DIRECT_OBJC_ISA_USAGE = YES_ERROR;
				CLANG_WARN_DOCUMENTATION_COMMENTS = YES;
				CLANG_WARN_EMPTY_BODY = YES;
				CLANG_WARN_ENUM_CONVERSION = YES;
				CLANG_WARN_INFINITE_RECURSION = YES;
				CLANG_WARN_INT_CONVERSION = YES;
				CLANG_WARN_NON_LITERAL_NULL_CONVERSION = YES;
				CLANG_WARN_OBJC_IMPLICIT_RETAIN_SELF = YES;
				CLANG_WARN_OBJC_LITERAL_CONVERSION = YES;
				CLANG_WARN_OBJC_ROOT_CLASS = YES_ERROR;
				CLANG_WARN_QUOTED_INCLUDE_IN_FRAMEWORK_HEADER = YES;
				CLANG_WARN_RANGE_LOOP_ANALYSIS = YES;
				CLANG_WARN_STRICT_PROTOTYPES = YES;
				CLANG_WARN_SUSPICIOUS_MOVE = YES;
				CLANG_WARN_UNGUARDED_AVAILABILITY = YES_AGGRESSIVE;
				CLANG_WARN_UNREACHABLE_CODE = YES;
				CLANG_WARN__DUPLICATE_METHOD_MATCH = YES;
				COPY_PHASE_STRIP = NO;
				DEBUG_INFORMATION_FORMAT = "dwarf-with-dsym";
				ENABLE_NS_ASSERTIONS = NO;
				ENABLE_STRICT_OBJC_MSGSEND = YES;
				GCC_C_LANGUAGE_STANDARD = gnu11;
				GCC_NO_COMMON_BLOCKS = YES;
				GCC_WARN_64_TO_32_BIT_CONVERSION = YES;
				GCC_WARN_ABOUT_RETURN_TYPE = YES_ERROR;
				GCC_WARN_UNDECLARED_SELECTOR = YES;
				GCC_WARN_UNINITIALIZED_AUTOS = YES_AGGRESSIVE;
				GCC_WARN_UNUSED_FUNCTION = YES;
				GCC_WARN_UNUSED_VARIABLE = YES;
				IPHONEOS_DEPLOYMENT_TARGET = 16.0;
				MTL_ENABLE_DEBUG_INFO = NO;
				MTL_FAST_MATH = YES;
				SDKROOT = iphoneos;
				SWIFT_COMPILATION_MODE = wholemodule;
				SWIFT_OPTIMIZATION_LEVEL = "-O";
				VALIDATE_PRODUCT = YES;
			};
			name = Release;
		};
		ABD0F95028FEEB0F0045D52B /* Debug */ = {
			isa = XCBuildConfiguration;
			buildSettings = {
				ASSETCATALOG_COMPILER_APPICON_NAME = AppIcon;
				ASSETCATALOG_COMPILER_GLOBAL_ACCENT_COLOR_NAME = AccentColor;
				CODE_SIGN_STYLE = Automatic;
				CURRENT_PROJECT_VERSION = 1;
				DEVELOPMENT_TEAM = N3H5YNSQ64;
				GENERATE_INFOPLIST_FILE = YES;
				INFOPLIST_FILE = Week3_Seminar/Info.plist;
				INFOPLIST_KEY_UIApplicationSupportsIndirectInputEvents = YES;
				INFOPLIST_KEY_UILaunchStoryboardName = LaunchScreen;
				INFOPLIST_KEY_UIMainStoryboardFile = Main;
				INFOPLIST_KEY_UISupportedInterfaceOrientations_iPad = "UIInterfaceOrientationPortrait UIInterfaceOrientationPortraitUpsideDown UIInterfaceOrientationLandscapeLeft UIInterfaceOrientationLandscapeRight";
				INFOPLIST_KEY_UISupportedInterfaceOrientations_iPhone = "UIInterfaceOrientationPortrait UIInterfaceOrientationLandscapeLeft UIInterfaceOrientationLandscapeRight";
				LD_RUNPATH_SEARCH_PATHS = (
					"$(inherited)",
					"@executable_path/Frameworks",
				);
				MARKETING_VERSION = 1.0;
				PRODUCT_BUNDLE_IDENTIFIER = "min.Week3-Seminar";
				PRODUCT_NAME = "$(TARGET_NAME)";
				SWIFT_EMIT_LOC_STRINGS = YES;
				SWIFT_VERSION = 5.0;
				TARGETED_DEVICE_FAMILY = "1,2";
			};
			name = Debug;
		};
		ABD0F95128FEEB0F0045D52B /* Release */ = {
			isa = XCBuildConfiguration;
			buildSettings = {
				ASSETCATALOG_COMPILER_APPICON_NAME = AppIcon;
				ASSETCATALOG_COMPILER_GLOBAL_ACCENT_COLOR_NAME = AccentColor;
				CODE_SIGN_STYLE = Automatic;
				CURRENT_PROJECT_VERSION = 1;
				DEVELOPMENT_TEAM = N3H5YNSQ64;
				GENERATE_INFOPLIST_FILE = YES;
				INFOPLIST_FILE = Week3_Seminar/Info.plist;
				INFOPLIST_KEY_UIApplicationSupportsIndirectInputEvents = YES;
				INFOPLIST_KEY_UILaunchStoryboardName = LaunchScreen;
				INFOPLIST_KEY_UIMainStoryboardFile = Main;
				INFOPLIST_KEY_UISupportedInterfaceOrientations_iPad = "UIInterfaceOrientationPortrait UIInterfaceOrientationPortraitUpsideDown UIInterfaceOrientationLandscapeLeft UIInterfaceOrientationLandscapeRight";
				INFOPLIST_KEY_UISupportedInterfaceOrientations_iPhone = "UIInterfaceOrientationPortrait UIInterfaceOrientationLandscapeLeft UIInterfaceOrientationLandscapeRight";
				LD_RUNPATH_SEARCH_PATHS = (
					"$(inherited)",
					"@executable_path/Frameworks",
				);
				MARKETING_VERSION = 1.0;
				PRODUCT_BUNDLE_IDENTIFIER = "min.Week3-Seminar";
				PRODUCT_NAME = "$(TARGET_NAME)";
				SWIFT_EMIT_LOC_STRINGS = YES;
				SWIFT_VERSION = 5.0;
				TARGETED_DEVICE_FAMILY = "1,2";
			};
			name = Release;
		};
/* End XCBuildConfiguration section */

/* Begin XCConfigurationList section */
		ABD0F93628FEEB0D0045D52B /* Build configuration list for PBXProject "Week3_Seminar" */ = {
			isa = XCConfigurationList;
			buildConfigurations = (
				ABD0F94D28FEEB0F0045D52B /* Debug */,
				ABD0F94E28FEEB0F0045D52B /* Release */,
			);
			defaultConfigurationIsVisible = 0;
			defaultConfigurationName = Release;
		};
		ABD0F94F28FEEB0F0045D52B /* Build configuration list for PBXNativeTarget "Week3_Seminar" */ = {
			isa = XCConfigurationList;
			buildConfigurations = (
				ABD0F95028FEEB0F0045D52B /* Debug */,
				ABD0F95128FEEB0F0045D52B /* Release */,
			);
			defaultConfigurationIsVisible = 0;
			defaultConfigurationName = Release;
		};
/* End XCConfigurationList section */

/* Begin XCRemoteSwiftPackageReference section */
		ABD0F95528FEEC690045D52B /* XCRemoteSwiftPackageReference "SnapKit" */ = {
			isa = XCRemoteSwiftPackageReference;
			repositoryURL = "https://github.com/SnapKit/SnapKit";
			requirement = {
				branch = develop;
				kind = branch;
			};
		};
		ABD0F95828FEEC730045D52B /* XCRemoteSwiftPackageReference "Then" */ = {
			isa = XCRemoteSwiftPackageReference;
			repositoryURL = "https://github.com/devxoul/Then";
			requirement = {
				branch = master;
				kind = branch;
			};
		};
		ABD0F95B28FEEC7C0045D52B /* XCRemoteSwiftPackageReference "SwiftyColor" */ = {
			isa = XCRemoteSwiftPackageReference;
			repositoryURL = "https://github.com/devxoul/SwiftyColor";
			requirement = {
				branch = master;
				kind = branch;
			};
		};
/* End XCRemoteSwiftPackageReference section */

/* Begin XCSwiftPackageProductDependency section */
		ABD0F95628FEEC690045D52B /* SnapKit */ = {
			isa = XCSwiftPackageProductDependency;
			package = ABD0F95528FEEC690045D52B /* XCRemoteSwiftPackageReference "SnapKit" */;
			productName = SnapKit;
		};
		ABD0F95928FEEC730045D52B /* Then */ = {
			isa = XCSwiftPackageProductDependency;
			package = ABD0F95828FEEC730045D52B /* XCRemoteSwiftPackageReference "Then" */;
			productName = Then;
		};
		ABD0F95C28FEEC7C0045D52B /* SwiftyColor */ = {
			isa = XCSwiftPackageProductDependency;
			package = ABD0F95B28FEEC7C0045D52B /* XCRemoteSwiftPackageReference "SwiftyColor" */;
			productName = SwiftyColor;
		};
/* End XCSwiftPackageProductDependency section */
	};
	rootObject = ABD0F93328FEEB0D0045D52B /* Project object */;
}
