// !$*UTF8*$!
{
	archiveVersion = 1;
	classes = {
	};
	objectVersion = 56;
	objects = {

/* Begin PBXBuildFile section */
		AB0DEB80290A24A200C37A27 /* ChatCollectionViewCell.swift in Sources */ = {isa = PBXBuildFile; fileRef = AB0DEB7F290A24A200C37A27 /* ChatCollectionViewCell.swift */; };
		AB0DEB82290A29B000C37A27 /* ChatModel.swift in Sources */ = {isa = PBXBuildFile; fileRef = AB0DEB81290A29B000C37A27 /* ChatModel.swift */; };
		AB206DE2290E5CF200EA4A65 /* PhotoCollectionViewCell.swift in Sources */ = {isa = PBXBuildFile; fileRef = AB206DE1290E5CF200EA4A65 /* PhotoCollectionViewCell.swift */; };
		AB206DE4290E60D600EA4A65 /* PhotoModel.swift in Sources */ = {isa = PBXBuildFile; fileRef = AB206DE3290E60D600EA4A65 /* PhotoModel.swift */; };
		AB2D6D8429057F7A003D43F8 /* KakaoTabbarController.swift in Sources */ = {isa = PBXBuildFile; fileRef = AB2D6D8329057F7A003D43F8 /* KakaoTabbarController.swift */; };
		AB2D6D8C29058227003D43F8 /* ChatViewController.swift in Sources */ = {isa = PBXBuildFile; fileRef = AB2D6D8B29058227003D43F8 /* ChatViewController.swift */; };
		AB2D6D8E29058237003D43F8 /* SharpViewController.swift in Sources */ = {isa = PBXBuildFile; fileRef = AB2D6D8D29058237003D43F8 /* SharpViewController.swift */; };
		AB2D6D9029058242003D43F8 /* ShopViewController.swift in Sources */ = {isa = PBXBuildFile; fileRef = AB2D6D8F29058242003D43F8 /* ShopViewController.swift */; };
		AB2D6D922905824B003D43F8 /* MoreViewController.swift in Sources */ = {isa = PBXBuildFile; fileRef = AB2D6D912905824B003D43F8 /* MoreViewController.swift */; };
		AB2DC39E290ACCCB00210DD2 /* ChatCollectionReusableView.swift in Sources */ = {isa = PBXBuildFile; fileRef = AB2DC39D290ACCCB00210DD2 /* ChatCollectionReusableView.swift */; };
		AB2DC3A0290AD3EE00210DD2 /* PhotoGridViewController.swift in Sources */ = {isa = PBXBuildFile; fileRef = AB2DC39F290AD3EE00210DD2 /* PhotoGridViewController.swift */; };
		AB8EA14929066E0100AFAA61 /* FriendTableViewCell.swift in Sources */ = {isa = PBXBuildFile; fileRef = AB8EA14829066E0100AFAA61 /* FriendTableViewCell.swift */; };
		AB8EA14C290673C500AFAA61 /* SwiftyColor in Frameworks */ = {isa = PBXBuildFile; productRef = AB8EA14B290673C500AFAA61 /* SwiftyColor */; };
		AB8EA14F2906755C00AFAA61 /* FriendModel.swift in Sources */ = {isa = PBXBuildFile; fileRef = AB8EA14E2906755C00AFAA61 /* FriendModel.swift */; };
		ABC434BB29083DFA001FE626 /* MyProfileHeaderView.swift in Sources */ = {isa = PBXBuildFile; fileRef = ABC434BA29083DFA001FE626 /* MyProfileHeaderView.swift */; };
		ABC71BB52903E4B2002EF41D /* Then in Frameworks */ = {isa = PBXBuildFile; productRef = ABC71BB42903E4B2002EF41D /* Then */; };
		ABE9334A28F7F1370074E18B /* AppDelegate.swift in Sources */ = {isa = PBXBuildFile; fileRef = ABE9334928F7F1370074E18B /* AppDelegate.swift */; };
		ABE9334C28F7F1370074E18B /* SceneDelegate.swift in Sources */ = {isa = PBXBuildFile; fileRef = ABE9334B28F7F1370074E18B /* SceneDelegate.swift */; };
		ABE9334E28F7F1370074E18B /* LoginViewController.swift in Sources */ = {isa = PBXBuildFile; fileRef = ABE9334D28F7F1370074E18B /* LoginViewController.swift */; };
		ABE9335128F7F1370074E18B /* Main.storyboard in Resources */ = {isa = PBXBuildFile; fileRef = ABE9334F28F7F1370074E18B /* Main.storyboard */; };
		ABE9335328F7F1380074E18B /* Assets.xcassets in Resources */ = {isa = PBXBuildFile; fileRef = ABE9335228F7F1380074E18B /* Assets.xcassets */; };
		ABE9335628F7F1380074E18B /* LaunchScreen.storyboard in Resources */ = {isa = PBXBuildFile; fileRef = ABE9335428F7F1380074E18B /* LaunchScreen.storyboard */; };
		ABE9336028F7F27A0074E18B /* SnapKit in Frameworks */ = {isa = PBXBuildFile; productRef = ABE9335F28F7F27A0074E18B /* SnapKit */; };
		ABE9336328F7F2D00074E18B /* UIView.swift in Sources */ = {isa = PBXBuildFile; fileRef = ABE9336228F7F2D00074E18B /* UIView.swift */; };
		ABE9336528F7F3290074E18B /* SignupViewController.swift in Sources */ = {isa = PBXBuildFile; fileRef = ABE9336428F7F3290074E18B /* SignupViewController.swift */; };
		ABE9336728F7F40F0074E18B /* WelcomeViewController.swift in Sources */ = {isa = PBXBuildFile; fileRef = ABE9336628F7F40F0074E18B /* WelcomeViewController.swift */; };
		ABE9336A28F7F7D00074E18B /* FriendViewController.swift in Sources */ = {isa = PBXBuildFile; fileRef = ABE9336928F7F7D00074E18B /* FriendViewController.swift */; };
		ABE9336C28F7F9BB0074E18B /* ProfileDetailViewController.swift in Sources */ = {isa = PBXBuildFile; fileRef = ABE9336B28F7F9BA0074E18B /* ProfileDetailViewController.swift */; };
		ABE9339A28F98FE10074E18B /* UIStackView.swift in Sources */ = {isa = PBXBuildFile; fileRef = ABE9339928F98FE10074E18B /* UIStackView.swift */; };
/* End PBXBuildFile section */

/* Begin PBXFileReference section */
		AB0DEB7F290A24A200C37A27 /* ChatCollectionViewCell.swift */ = {isa = PBXFileReference; lastKnownFileType = sourcecode.swift; path = ChatCollectionViewCell.swift; sourceTree = "<group>"; };
		AB0DEB81290A29B000C37A27 /* ChatModel.swift */ = {isa = PBXFileReference; lastKnownFileType = sourcecode.swift; path = ChatModel.swift; sourceTree = "<group>"; };
		AB206DE1290E5CF200EA4A65 /* PhotoCollectionViewCell.swift */ = {isa = PBXFileReference; lastKnownFileType = sourcecode.swift; path = PhotoCollectionViewCell.swift; sourceTree = "<group>"; };
		AB206DE3290E60D600EA4A65 /* PhotoModel.swift */ = {isa = PBXFileReference; lastKnownFileType = sourcecode.swift; path = PhotoModel.swift; sourceTree = "<group>"; };
		AB2D6D8329057F7A003D43F8 /* KakaoTabbarController.swift */ = {isa = PBXFileReference; lastKnownFileType = sourcecode.swift; path = KakaoTabbarController.swift; sourceTree = "<group>"; };
		AB2D6D8B29058227003D43F8 /* ChatViewController.swift */ = {isa = PBXFileReference; lastKnownFileType = sourcecode.swift; path = ChatViewController.swift; sourceTree = "<group>"; };
		AB2D6D8D29058237003D43F8 /* SharpViewController.swift */ = {isa = PBXFileReference; lastKnownFileType = sourcecode.swift; path = SharpViewController.swift; sourceTree = "<group>"; };
		AB2D6D8F29058242003D43F8 /* ShopViewController.swift */ = {isa = PBXFileReference; lastKnownFileType = sourcecode.swift; path = ShopViewController.swift; sourceTree = "<group>"; };
		AB2D6D912905824B003D43F8 /* MoreViewController.swift */ = {isa = PBXFileReference; lastKnownFileType = sourcecode.swift; path = MoreViewController.swift; sourceTree = "<group>"; };
		AB2DC39D290ACCCB00210DD2 /* ChatCollectionReusableView.swift */ = {isa = PBXFileReference; lastKnownFileType = sourcecode.swift; path = ChatCollectionReusableView.swift; sourceTree = "<group>"; };
		AB2DC39F290AD3EE00210DD2 /* PhotoGridViewController.swift */ = {isa = PBXFileReference; lastKnownFileType = sourcecode.swift; path = PhotoGridViewController.swift; sourceTree = "<group>"; };
		AB8EA14829066E0100AFAA61 /* FriendTableViewCell.swift */ = {isa = PBXFileReference; lastKnownFileType = sourcecode.swift; path = FriendTableViewCell.swift; sourceTree = "<group>"; };
		AB8EA14E2906755C00AFAA61 /* FriendModel.swift */ = {isa = PBXFileReference; lastKnownFileType = sourcecode.swift; path = FriendModel.swift; sourceTree = "<group>"; };
		ABC434BA29083DFA001FE626 /* MyProfileHeaderView.swift */ = {isa = PBXFileReference; lastKnownFileType = sourcecode.swift; path = MyProfileHeaderView.swift; sourceTree = "<group>"; };
		ABE9334628F7F1370074E18B /* SOPT_KakaoTalk.app */ = {isa = PBXFileReference; explicitFileType = wrapper.application; includeInIndex = 0; path = SOPT_KakaoTalk.app; sourceTree = BUILT_PRODUCTS_DIR; };
		ABE9334928F7F1370074E18B /* AppDelegate.swift */ = {isa = PBXFileReference; lastKnownFileType = sourcecode.swift; path = AppDelegate.swift; sourceTree = "<group>"; };
		ABE9334B28F7F1370074E18B /* SceneDelegate.swift */ = {isa = PBXFileReference; lastKnownFileType = sourcecode.swift; path = SceneDelegate.swift; sourceTree = "<group>"; };
		ABE9334D28F7F1370074E18B /* LoginViewController.swift */ = {isa = PBXFileReference; lastKnownFileType = sourcecode.swift; path = LoginViewController.swift; sourceTree = "<group>"; };
		ABE9335028F7F1370074E18B /* Base */ = {isa = PBXFileReference; lastKnownFileType = file.storyboard; name = Base; path = Base.lproj/Main.storyboard; sourceTree = "<group>"; };
		ABE9335228F7F1380074E18B /* Assets.xcassets */ = {isa = PBXFileReference; lastKnownFileType = folder.assetcatalog; path = Assets.xcassets; sourceTree = "<group>"; };
		ABE9335528F7F1380074E18B /* Base */ = {isa = PBXFileReference; lastKnownFileType = file.storyboard; name = Base; path = Base.lproj/LaunchScreen.storyboard; sourceTree = "<group>"; };
		ABE9335728F7F1380074E18B /* Info.plist */ = {isa = PBXFileReference; lastKnownFileType = text.plist.xml; path = Info.plist; sourceTree = "<group>"; };
		ABE9336228F7F2D00074E18B /* UIView.swift */ = {isa = PBXFileReference; lastKnownFileType = sourcecode.swift; path = UIView.swift; sourceTree = "<group>"; };
		ABE9336428F7F3290074E18B /* SignupViewController.swift */ = {isa = PBXFileReference; lastKnownFileType = sourcecode.swift; path = SignupViewController.swift; sourceTree = "<group>"; };
		ABE9336628F7F40F0074E18B /* WelcomeViewController.swift */ = {isa = PBXFileReference; lastKnownFileType = sourcecode.swift; path = WelcomeViewController.swift; sourceTree = "<group>"; };
		ABE9336928F7F7D00074E18B /* FriendViewController.swift */ = {isa = PBXFileReference; lastKnownFileType = sourcecode.swift; path = FriendViewController.swift; sourceTree = "<group>"; };
		ABE9336B28F7F9BA0074E18B /* ProfileDetailViewController.swift */ = {isa = PBXFileReference; lastKnownFileType = sourcecode.swift; path = ProfileDetailViewController.swift; sourceTree = "<group>"; };
		ABE9339928F98FE10074E18B /* UIStackView.swift */ = {isa = PBXFileReference; lastKnownFileType = sourcecode.swift; path = UIStackView.swift; sourceTree = "<group>"; };
/* End PBXFileReference section */

/* Begin PBXFrameworksBuildPhase section */
		ABE9334328F7F1370074E18B /* Frameworks */ = {
			isa = PBXFrameworksBuildPhase;
			buildActionMask = 2147483647;
			files = (
				ABE9336028F7F27A0074E18B /* SnapKit in Frameworks */,
				AB8EA14C290673C500AFAA61 /* SwiftyColor in Frameworks */,
				ABC71BB52903E4B2002EF41D /* Then in Frameworks */,
			);
			runOnlyForDeploymentPostprocessing = 0;
		};
/* End PBXFrameworksBuildPhase section */

/* Begin PBXGroup section */
		AB2D6D8029057B4B003D43F8 /* Reusable */ = {
			isa = PBXGroup;
			children = (
				AB8EA14829066E0100AFAA61 /* FriendTableViewCell.swift */,
				ABC434BA29083DFA001FE626 /* MyProfileHeaderView.swift */,
				AB0DEB7F290A24A200C37A27 /* ChatCollectionViewCell.swift */,
				AB2DC39D290ACCCB00210DD2 /* ChatCollectionReusableView.swift */,
				AB206DE1290E5CF200EA4A65 /* PhotoCollectionViewCell.swift */,
			);
			path = Reusable;
			sourceTree = "<group>";
		};
		AB2D6D8529058112003D43F8 /* Auth */ = {
			isa = PBXGroup;
			children = (
				ABE9334D28F7F1370074E18B /* LoginViewController.swift */,
				ABE9336428F7F3290074E18B /* SignupViewController.swift */,
				ABE9336628F7F40F0074E18B /* WelcomeViewController.swift */,
			);
			path = Auth;
			sourceTree = "<group>";
		};
		AB2D6D8629058142003D43F8 /* Friend */ = {
			isa = PBXGroup;
			children = (
				ABE9336928F7F7D00074E18B /* FriendViewController.swift */,
				ABE9336B28F7F9BA0074E18B /* ProfileDetailViewController.swift */,
			);
			path = Friend;
			sourceTree = "<group>";
		};
		AB2D6D872905814E003D43F8 /* Sharp */ = {
			isa = PBXGroup;
			children = (
				AB2D6D8D29058237003D43F8 /* SharpViewController.swift */,
			);
			path = Sharp;
			sourceTree = "<group>";
		};
		AB2D6D88290581AC003D43F8 /* Chat */ = {
			isa = PBXGroup;
			children = (
				AB2D6D8B29058227003D43F8 /* ChatViewController.swift */,
				AB2DC39F290AD3EE00210DD2 /* PhotoGridViewController.swift */,
			);
			path = Chat;
			sourceTree = "<group>";
		};
		AB2D6D89290581BC003D43F8 /* Shop */ = {
			isa = PBXGroup;
			children = (
				AB2D6D8F29058242003D43F8 /* ShopViewController.swift */,
			);
			path = Shop;
			sourceTree = "<group>";
		};
		AB2D6D8A290581C4003D43F8 /* More */ = {
			isa = PBXGroup;
			children = (
				AB2D6D912905824B003D43F8 /* MoreViewController.swift */,
			);
			path = More;
			sourceTree = "<group>";
		};
		AB8EA14D2906754C00AFAA61 /* Model */ = {
			isa = PBXGroup;
			children = (
				AB8EA14E2906755C00AFAA61 /* FriendModel.swift */,
				AB0DEB81290A29B000C37A27 /* ChatModel.swift */,
				AB206DE3290E60D600EA4A65 /* PhotoModel.swift */,
			);
			path = Model;
			sourceTree = "<group>";
		};
		ABE9333D28F7F1370074E18B = {
			isa = PBXGroup;
			children = (
				ABE9334828F7F1370074E18B /* SOPT_KakaoTalk */,
				ABE9334728F7F1370074E18B /* Products */,
			);
			sourceTree = "<group>";
		};
		ABE9334728F7F1370074E18B /* Products */ = {
			isa = PBXGroup;
			children = (
				ABE9334628F7F1370074E18B /* SOPT_KakaoTalk.app */,
			);
			name = Products;
			sourceTree = "<group>";
		};
		ABE9334828F7F1370074E18B /* SOPT_KakaoTalk */ = {
			isa = PBXGroup;
			children = (
				ABE9337328F804590074E18B /* Resource */,
				ABE9337428F804740074E18B /* Sources */,
				ABE9335728F7F1380074E18B /* Info.plist */,
			);
			path = SOPT_KakaoTalk;
			sourceTree = "<group>";
		};
		ABE9336128F7F2C50074E18B /* Extensions */ = {
			isa = PBXGroup;
			children = (
				ABE9336228F7F2D00074E18B /* UIView.swift */,
				ABE9339928F98FE10074E18B /* UIStackView.swift */,
			);
			path = Extensions;
			sourceTree = "<group>";
		};
		ABE9337328F804590074E18B /* Resource */ = {
			isa = PBXGroup;
			children = (
				ABE9335228F7F1380074E18B /* Assets.xcassets */,
				ABE9334F28F7F1370074E18B /* Main.storyboard */,
				ABE9335428F7F1380074E18B /* LaunchScreen.storyboard */,
			);
			path = Resource;
			sourceTree = "<group>";
		};
		ABE9337428F804740074E18B /* Sources */ = {
			isa = PBXGroup;
			children = (
				AB8EA14D2906754C00AFAA61 /* Model */,
				ABE9334928F7F1370074E18B /* AppDelegate.swift */,
				ABE9334B28F7F1370074E18B /* SceneDelegate.swift */,
				ABE9336128F7F2C50074E18B /* Extensions */,
				ABE9337528F8048C0074E18B /* ViewControllers */,
				AB2D6D8029057B4B003D43F8 /* Reusable */,
			);
			path = Sources;
			sourceTree = "<group>";
		};
		ABE9337528F8048C0074E18B /* ViewControllers */ = {
			isa = PBXGroup;
			children = (
				AB2D6D8329057F7A003D43F8 /* KakaoTabbarController.swift */,
				AB2D6D8529058112003D43F8 /* Auth */,
				AB2D6D8629058142003D43F8 /* Friend */,
				AB2D6D88290581AC003D43F8 /* Chat */,
				AB2D6D872905814E003D43F8 /* Sharp */,
				AB2D6D89290581BC003D43F8 /* Shop */,
				AB2D6D8A290581C4003D43F8 /* More */,
			);
			path = ViewControllers;
			sourceTree = "<group>";
		};
/* End PBXGroup section */

/* Begin PBXNativeTarget section */
		ABE9334528F7F1370074E18B /* SOPT_KakaoTalk */ = {
			isa = PBXNativeTarget;
			buildConfigurationList = ABE9335A28F7F1380074E18B /* Build configuration list for PBXNativeTarget "SOPT_KakaoTalk" */;
			buildPhases = (
				ABE9334228F7F1370074E18B /* Sources */,
				ABE9334328F7F1370074E18B /* Frameworks */,
				ABE9334428F7F1370074E18B /* Resources */,
			);
			buildRules = (
			);
			dependencies = (
			);
			name = SOPT_KakaoTalk;
			packageProductDependencies = (
				ABE9335F28F7F27A0074E18B /* SnapKit */,
				ABC71BB42903E4B2002EF41D /* Then */,
				AB8EA14B290673C500AFAA61 /* SwiftyColor */,
			);
			productName = SOPT_KakaoTalk;
			productReference = ABE9334628F7F1370074E18B /* SOPT_KakaoTalk.app */;
			productType = "com.apple.product-type.application";
		};
/* End PBXNativeTarget section */

/* Begin PBXProject section */
		ABE9333E28F7F1370074E18B /* Project object */ = {
			isa = PBXProject;
			attributes = {
				BuildIndependentTargetsInParallel = 1;
				LastSwiftUpdateCheck = 1400;
				LastUpgradeCheck = 1400;
				TargetAttributes = {
					ABE9334528F7F1370074E18B = {
						CreatedOnToolsVersion = 14.0.1;
					};
				};
			};
			buildConfigurationList = ABE9334128F7F1370074E18B /* Build configuration list for PBXProject "SOPT_KakaoTalk" */;
			compatibilityVersion = "Xcode 14.0";
			developmentRegion = en;
			hasScannedForEncodings = 0;
			knownRegions = (
				en,
				Base,
			);
			mainGroup = ABE9333D28F7F1370074E18B;
			packageReferences = (
				ABE9335E28F7F27A0074E18B /* XCRemoteSwiftPackageReference "SnapKit" */,
				ABC71BB32903E4B2002EF41D /* XCRemoteSwiftPackageReference "Then" */,
				AB8EA14A290673C500AFAA61 /* XCRemoteSwiftPackageReference "SwiftyColor" */,
			);
			productRefGroup = ABE9334728F7F1370074E18B /* Products */;
			projectDirPath = "";
			projectRoot = "";
			targets = (
				ABE9334528F7F1370074E18B /* SOPT_KakaoTalk */,
			);
		};
/* End PBXProject section */

/* Begin PBXResourcesBuildPhase section */
		ABE9334428F7F1370074E18B /* Resources */ = {
			isa = PBXResourcesBuildPhase;
			buildActionMask = 2147483647;
			files = (
				ABE9335628F7F1380074E18B /* LaunchScreen.storyboard in Resources */,
				ABE9335328F7F1380074E18B /* Assets.xcassets in Resources */,
				ABE9335128F7F1370074E18B /* Main.storyboard in Resources */,
			);
			runOnlyForDeploymentPostprocessing = 0;
		};
/* End PBXResourcesBuildPhase section */

/* Begin PBXSourcesBuildPhase section */
		ABE9334228F7F1370074E18B /* Sources */ = {
			isa = PBXSourcesBuildPhase;
			buildActionMask = 2147483647;
			files = (
				ABC434BB29083DFA001FE626 /* MyProfileHeaderView.swift in Sources */,
				ABE9336328F7F2D00074E18B /* UIView.swift in Sources */,
				AB0DEB82290A29B000C37A27 /* ChatModel.swift in Sources */,
				AB2D6D8429057F7A003D43F8 /* KakaoTabbarController.swift in Sources */,
				AB2D6D8C29058227003D43F8 /* ChatViewController.swift in Sources */,
				AB2DC3A0290AD3EE00210DD2 /* PhotoGridViewController.swift in Sources */,
				ABE9339A28F98FE10074E18B /* UIStackView.swift in Sources */,
				AB206DE4290E60D600EA4A65 /* PhotoModel.swift in Sources */,
				AB2DC39E290ACCCB00210DD2 /* ChatCollectionReusableView.swift in Sources */,
				AB2D6D9029058242003D43F8 /* ShopViewController.swift in Sources */,
				AB206DE2290E5CF200EA4A65 /* PhotoCollectionViewCell.swift in Sources */,
				ABE9334E28F7F1370074E18B /* LoginViewController.swift in Sources */,
				ABE9336528F7F3290074E18B /* SignupViewController.swift in Sources */,
				AB2D6D922905824B003D43F8 /* MoreViewController.swift in Sources */,
				ABE9336A28F7F7D00074E18B /* FriendViewController.swift in Sources */,
				ABE9336728F7F40F0074E18B /* WelcomeViewController.swift in Sources */,
				ABE9336C28F7F9BB0074E18B /* ProfileDetailViewController.swift in Sources */,
				AB2D6D8E29058237003D43F8 /* SharpViewController.swift in Sources */,
				AB8EA14929066E0100AFAA61 /* FriendTableViewCell.swift in Sources */,
				ABE9334A28F7F1370074E18B /* AppDelegate.swift in Sources */,
				ABE9334C28F7F1370074E18B /* SceneDelegate.swift in Sources */,
				AB0DEB80290A24A200C37A27 /* ChatCollectionViewCell.swift in Sources */,
				AB8EA14F2906755C00AFAA61 /* FriendModel.swift in Sources */,
			);
			runOnlyForDeploymentPostprocessing = 0;
		};
/* End PBXSourcesBuildPhase section */

/* Begin PBXVariantGroup section */
		ABE9334F28F7F1370074E18B /* Main.storyboard */ = {
			isa = PBXVariantGroup;
			children = (
				ABE9335028F7F1370074E18B /* Base */,
			);
			name = Main.storyboard;
			sourceTree = "<group>";
		};
		ABE9335428F7F1380074E18B /* LaunchScreen.storyboard */ = {
			isa = PBXVariantGroup;
			children = (
				ABE9335528F7F1380074E18B /* Base */,
			);
			name = LaunchScreen.storyboard;
			sourceTree = "<group>";
		};
/* End PBXVariantGroup section */

/* Begin XCBuildConfiguration section */
		ABE9335828F7F1380074E18B /* Debug */ = {
			isa = XCBuildConfiguration;
			buildSettings = {
				ALWAYS_SEARCH_USER_PATHS = NO;
				CLANG_ANALYZER_NONNULL = YES;
				CLANG_ANALYZER_NUMBER_OBJECT_CONVERSION = YES_AGGRESSIVE;
				CLANG_CXX_LANGUAGE_STANDARD = "gnu++20";
				CLANG_ENABLE_MODULES = YES;
				CLANG_ENABLE_OBJC_ARC = YES;
				CLANG_ENABLE_OBJC_WEAK = YES;
				CLANG_WARN_BLOCK_CAPTURE_AUTORELEASING = YES;
				CLANG_WARN_BOOL_CONVERSION = YES;
				CLANG_WARN_COMMA = YES;
				CLANG_WARN_CONSTANT_CONVERSION = YES;
				CLANG_WARN_DEPRECATED_OBJC_IMPLEMENTATIONS = YES;
				CLANG_WARN_DIRECT_OBJC_ISA_USAGE = YES_ERROR;
				CLANG_WARN_DOCUMENTATION_COMMENTS = YES;
				CLANG_WARN_EMPTY_BODY = YES;
				CLANG_WARN_ENUM_CONVERSION = YES;
				CLANG_WARN_INFINITE_RECURSION = YES;
				CLANG_WARN_INT_CONVERSION = YES;
				CLANG_WARN_NON_LITERAL_NULL_CONVERSION = YES;
				CLANG_WARN_OBJC_IMPLICIT_RETAIN_SELF = YES;
				CLANG_WARN_OBJC_LITERAL_CONVERSION = YES;
				CLANG_WARN_OBJC_ROOT_CLASS = YES_ERROR;
				CLANG_WARN_QUOTED_INCLUDE_IN_FRAMEWORK_HEADER = YES;
				CLANG_WARN_RANGE_LOOP_ANALYSIS = YES;
				CLANG_WARN_STRICT_PROTOTYPES = YES;
				CLANG_WARN_SUSPICIOUS_MOVE = YES;
				CLANG_WARN_UNGUARDED_AVAILABILITY = YES_AGGRESSIVE;
				CLANG_WARN_UNREACHABLE_CODE = YES;
				CLANG_WARN__DUPLICATE_METHOD_MATCH = YES;
				COPY_PHASE_STRIP = NO;
				DEBUG_INFORMATION_FORMAT = dwarf;
				ENABLE_STRICT_OBJC_MSGSEND = YES;
				ENABLE_TESTABILITY = YES;
				GCC_C_LANGUAGE_STANDARD = gnu11;
				GCC_DYNAMIC_NO_PIC = NO;
				GCC_NO_COMMON_BLOCKS = YES;
				GCC_OPTIMIZATION_LEVEL = 0;
				GCC_PREPROCESSOR_DEFINITIONS = (
					"DEBUG=1",
					"$(inherited)",
				);
				GCC_WARN_64_TO_32_BIT_CONVERSION = YES;
				GCC_WARN_ABOUT_RETURN_TYPE = YES_ERROR;
				GCC_WARN_UNDECLARED_SELECTOR = YES;
				GCC_WARN_UNINITIALIZED_AUTOS = YES_AGGRESSIVE;
				GCC_WARN_UNUSED_FUNCTION = YES;
				GCC_WARN_UNUSED_VARIABLE = YES;
				IPHONEOS_DEPLOYMENT_TARGET = 16.0;
				MTL_ENABLE_DEBUG_INFO = INCLUDE_SOURCE;
				MTL_FAST_MATH = YES;
				ONLY_ACTIVE_ARCH = YES;
				SDKROOT = iphoneos;
				SWIFT_ACTIVE_COMPILATION_CONDITIONS = DEBUG;
				SWIFT_OPTIMIZATION_LEVEL = "-Onone";
			};
			name = Debug;
		};
		ABE9335928F7F1380074E18B /* Release */ = {
			isa = XCBuildConfiguration;
			buildSettings = {
				ALWAYS_SEARCH_USER_PATHS = NO;
				CLANG_ANALYZER_NONNULL = YES;
				CLANG_ANALYZER_NUMBER_OBJECT_CONVERSION = YES_AGGRESSIVE;
				CLANG_CXX_LANGUAGE_STANDARD = "gnu++20";
				CLANG_ENABLE_MODULES = YES;
				CLANG_ENABLE_OBJC_ARC = YES;
				CLANG_ENABLE_OBJC_WEAK = YES;
				CLANG_WARN_BLOCK_CAPTURE_AUTORELEASING = YES;
				CLANG_WARN_BOOL_CONVERSION = YES;
				CLANG_WARN_COMMA = YES;
				CLANG_WARN_CONSTANT_CONVERSION = YES;
				CLANG_WARN_DEPRECATED_OBJC_IMPLEMENTATIONS = YES;
				CLANG_WARN_DIRECT_OBJC_ISA_USAGE = YES_ERROR;
				CLANG_WARN_DOCUMENTATION_COMMENTS = YES;
				CLANG_WARN_EMPTY_BODY = YES;
				CLANG_WARN_ENUM_CONVERSION = YES;
				CLANG_WARN_INFINITE_RECURSION = YES;
				CLANG_WARN_INT_CONVERSION = YES;
				CLANG_WARN_NON_LITERAL_NULL_CONVERSION = YES;
				CLANG_WARN_OBJC_IMPLICIT_RETAIN_SELF = YES;
				CLANG_WARN_OBJC_LITERAL_CONVERSION = YES;
				CLANG_WARN_OBJC_ROOT_CLASS = YES_ERROR;
				CLANG_WARN_QUOTED_INCLUDE_IN_FRAMEWORK_HEADER = YES;
				CLANG_WARN_RANGE_LOOP_ANALYSIS = YES;
				CLANG_WARN_STRICT_PROTOTYPES = YES;
				CLANG_WARN_SUSPICIOUS_MOVE = YES;
				CLANG_WARN_UNGUARDED_AVAILABILITY = YES_AGGRESSIVE;
				CLANG_WARN_UNREACHABLE_CODE = YES;
				CLANG_WARN__DUPLICATE_METHOD_MATCH = YES;
				COPY_PHASE_STRIP = NO;
				DEBUG_INFORMATION_FORMAT = "dwarf-with-dsym";
				ENABLE_NS_ASSERTIONS = NO;
				ENABLE_STRICT_OBJC_MSGSEND = YES;
				GCC_C_LANGUAGE_STANDARD = gnu11;
				GCC_NO_COMMON_BLOCKS = YES;
				GCC_WARN_64_TO_32_BIT_CONVERSION = YES;
				GCC_WARN_ABOUT_RETURN_TYPE = YES_ERROR;
				GCC_WARN_UNDECLARED_SELECTOR = YES;
				GCC_WARN_UNINITIALIZED_AUTOS = YES_AGGRESSIVE;
				GCC_WARN_UNUSED_FUNCTION = YES;
				GCC_WARN_UNUSED_VARIABLE = YES;
				IPHONEOS_DEPLOYMENT_TARGET = 16.0;
				MTL_ENABLE_DEBUG_INFO = NO;
				MTL_FAST_MATH = YES;
				SDKROOT = iphoneos;
				SWIFT_COMPILATION_MODE = wholemodule;
				SWIFT_OPTIMIZATION_LEVEL = "-O";
				VALIDATE_PRODUCT = YES;
			};
			name = Release;
		};
		ABE9335B28F7F1380074E18B /* Debug */ = {
			isa = XCBuildConfiguration;
			buildSettings = {
				ASSETCATALOG_COMPILER_APPICON_NAME = AppIcon;
				ASSETCATALOG_COMPILER_GLOBAL_ACCENT_COLOR_NAME = AccentColor;
				CODE_SIGN_STYLE = Automatic;
				CURRENT_PROJECT_VERSION = 1;
				DEVELOPMENT_TEAM = N3H5YNSQ64;
				GENERATE_INFOPLIST_FILE = YES;
				INFOPLIST_FILE = SOPT_KakaoTalk/Info.plist;
				INFOPLIST_KEY_UIApplicationSupportsIndirectInputEvents = YES;
				INFOPLIST_KEY_UILaunchStoryboardName = LaunchScreen;
				INFOPLIST_KEY_UIMainStoryboardFile = Main;
				INFOPLIST_KEY_UISupportedInterfaceOrientations_iPad = "UIInterfaceOrientationPortrait UIInterfaceOrientationPortraitUpsideDown UIInterfaceOrientationLandscapeLeft UIInterfaceOrientationLandscapeRight";
				INFOPLIST_KEY_UISupportedInterfaceOrientations_iPhone = "UIInterfaceOrientationPortrait UIInterfaceOrientationLandscapeLeft UIInterfaceOrientationLandscapeRight";
				LD_RUNPATH_SEARCH_PATHS = (
					"$(inherited)",
					"@executable_path/Frameworks",
				);
				MARKETING_VERSION = 1.0;
				PRODUCT_BUNDLE_IDENTIFIER = "min.SOPT-KakaoTalk";
				PRODUCT_NAME = "$(TARGET_NAME)";
				SWIFT_EMIT_LOC_STRINGS = YES;
				SWIFT_VERSION = 5.0;
				TARGETED_DEVICE_FAMILY = "1,2";
			};
			name = Debug;
		};
		ABE9335C28F7F1380074E18B /* Release */ = {
			isa = XCBuildConfiguration;
			buildSettings = {
				ASSETCATALOG_COMPILER_APPICON_NAME = AppIcon;
				ASSETCATALOG_COMPILER_GLOBAL_ACCENT_COLOR_NAME = AccentColor;
				CODE_SIGN_STYLE = Automatic;
				CURRENT_PROJECT_VERSION = 1;
				DEVELOPMENT_TEAM = N3H5YNSQ64;
				GENERATE_INFOPLIST_FILE = YES;
				INFOPLIST_FILE = SOPT_KakaoTalk/Info.plist;
				INFOPLIST_KEY_UIApplicationSupportsIndirectInputEvents = YES;
				INFOPLIST_KEY_UILaunchStoryboardName = LaunchScreen;
				INFOPLIST_KEY_UIMainStoryboardFile = Main;
				INFOPLIST_KEY_UISupportedInterfaceOrientations_iPad = "UIInterfaceOrientationPortrait UIInterfaceOrientationPortraitUpsideDown UIInterfaceOrientationLandscapeLeft UIInterfaceOrientationLandscapeRight";
				INFOPLIST_KEY_UISupportedInterfaceOrientations_iPhone = "UIInterfaceOrientationPortrait UIInterfaceOrientationLandscapeLeft UIInterfaceOrientationLandscapeRight";
				LD_RUNPATH_SEARCH_PATHS = (
					"$(inherited)",
					"@executable_path/Frameworks",
				);
				MARKETING_VERSION = 1.0;
				PRODUCT_BUNDLE_IDENTIFIER = "min.SOPT-KakaoTalk";
				PRODUCT_NAME = "$(TARGET_NAME)";
				SWIFT_EMIT_LOC_STRINGS = YES;
				SWIFT_VERSION = 5.0;
				TARGETED_DEVICE_FAMILY = "1,2";
			};
			name = Release;
		};
/* End XCBuildConfiguration section */

/* Begin XCConfigurationList section */
		ABE9334128F7F1370074E18B /* Build configuration list for PBXProject "SOPT_KakaoTalk" */ = {
			isa = XCConfigurationList;
			buildConfigurations = (
				ABE9335828F7F1380074E18B /* Debug */,
				ABE9335928F7F1380074E18B /* Release */,
			);
			defaultConfigurationIsVisible = 0;
			defaultConfigurationName = Release;
		};
		ABE9335A28F7F1380074E18B /* Build configuration list for PBXNativeTarget "SOPT_KakaoTalk" */ = {
			isa = XCConfigurationList;
			buildConfigurations = (
				ABE9335B28F7F1380074E18B /* Debug */,
				ABE9335C28F7F1380074E18B /* Release */,
			);
			defaultConfigurationIsVisible = 0;
			defaultConfigurationName = Release;
		};
/* End XCConfigurationList section */

/* Begin XCRemoteSwiftPackageReference section */
		AB8EA14A290673C500AFAA61 /* XCRemoteSwiftPackageReference "SwiftyColor" */ = {
			isa = XCRemoteSwiftPackageReference;
			repositoryURL = "https://github.com/devxoul/SwiftyColor";
			requirement = {
				branch = master;
				kind = branch;
			};
		};
		ABC71BB32903E4B2002EF41D /* XCRemoteSwiftPackageReference "Then" */ = {
			isa = XCRemoteSwiftPackageReference;
			repositoryURL = "https://github.com/devxoul/Then";
			requirement = {
				branch = master;
				kind = branch;
			};
		};
		ABE9335E28F7F27A0074E18B /* XCRemoteSwiftPackageReference "SnapKit" */ = {
			isa = XCRemoteSwiftPackageReference;
			repositoryURL = "https://github.com/SnapKit/SnapKit";
			requirement = {
				kind = upToNextMajorVersion;
				minimumVersion = 5.0.0;
			};
		};
/* End XCRemoteSwiftPackageReference section */

/* Begin XCSwiftPackageProductDependency section */
		AB8EA14B290673C500AFAA61 /* SwiftyColor */ = {
			isa = XCSwiftPackageProductDependency;
			package = AB8EA14A290673C500AFAA61 /* XCRemoteSwiftPackageReference "SwiftyColor" */;
			productName = SwiftyColor;
		};
		ABC71BB42903E4B2002EF41D /* Then */ = {
			isa = XCSwiftPackageProductDependency;
			package = ABC71BB32903E4B2002EF41D /* XCRemoteSwiftPackageReference "Then" */;
			productName = Then;
		};
		ABE9335F28F7F27A0074E18B /* SnapKit */ = {
			isa = XCSwiftPackageProductDependency;
			package = ABE9335E28F7F27A0074E18B /* XCRemoteSwiftPackageReference "SnapKit" */;
			productName = SnapKit;
		};
/* End XCSwiftPackageProductDependency section */
	};
	rootObject = ABE9333E28F7F1370074E18B /* Project object */;
}
